
Microsoft Visual Studio Solution File, Format Version 12.00
# Visual Studio Version 17
VisualStudioVersion = 17.14.36127.28 d17.14
MinimumVisualStudioVersion = 10.0.40219.1
Project("{FAE04EC0-301F-11D3-BF4B-00C04F79EFBC}") = "Weather", "Weather\Weather.csproj", "{996E1B48-A77F-41E9-877A-47058AC2DFD8}"
EndProject
Global
	GlobalSection(SolutionConfigurationPlatforms) = preSolution
		Debug|Any CPU = Debug|Any CPU
		Release|Any CPU = Release|Any CPU
	EndGlobalSection
	GlobalSection(ProjectConfigurationPlatforms) = postSolution
		{996E1B48-A77F-41E9-877A-47058AC2DFD8}.Debug|Any CPU.ActiveCfg = Debug|Any CPU
		{996E1B48-A77F-41E9-877A-47058AC2DFD8}.Debug|Any CPU.Build.0 = Debug|Any CPU
		{996E1B48-A77F-41E9-877A-47058AC2DFD8}.Release|Any CPU.ActiveCfg = Release|Any CPU
		{996E1B48-A77F-41E9-877A-47058AC2DFD8}.Release|Any CPU.Build.0 = Release|Any CPU
	EndGlobalSection
	GlobalSection(SolutionProperties) = preSolution
		HideSolutionNode = FALSE
	EndGlobalSection
	GlobalSection(ExtensibilityGlobals) = postSolution
		SolutionGuid = {4B69CB9E-E6B9-4711-B16A-5007F61FF6FF}
	EndGlobalSection
EndGlobal
