
Microsoft Visual Studio Solution File, Format Version 12.00
# Visual Studio Version 17
VisualStudioVersion = 17.14.36127.28 d17.14
MinimumVisualStudioVersion = 10.0.40219.1
Project("{FAE04EC0-301F-11D3-BF4B-00C04F79EFBC}") = "HW 19", "HW 19\HW 19.csproj", "{FDF1AB18-D13D-4A3F-A6E3-3E88A27BD790}"
EndProject
Global
	GlobalSection(SolutionConfigurationPlatforms) = preSolution
		Debug|Any CPU = Debug|Any CPU
		Release|Any CPU = Release|Any CPU
	EndGlobalSection
	GlobalSection(ProjectConfigurationPlatforms) = postSolution
		{FDF1AB18-D13D-4A3F-A6E3-3E88A27BD790}.Debug|Any CPU.ActiveCfg = Debug|Any CPU
		{FDF1AB18-D13D-4A3F-A6E3-3E88A27BD790}.Debug|Any CPU.Build.0 = Debug|Any CPU
		{FDF1AB18-D13D-4A3F-A6E3-3E88A27BD790}.Release|Any CPU.ActiveCfg = Release|Any CPU
		{FDF1AB18-D13D-4A3F-A6E3-3E88A27BD790}.Release|Any CPU.Build.0 = Release|Any CPU
	EndGlobalSection
	GlobalSection(SolutionProperties) = preSolution
		HideSolutionNode = FALSE
	EndGlobalSection
	GlobalSection(ExtensibilityGlobals) = postSolution
		SolutionGuid = {9239CF08-3E5F-4E37-8549-0185E86AD7A2}
	EndGlobalSection
EndGlobal
