
Microsoft Visual Studio Solution File, Format Version 12.00
# Visual Studio Version 17
VisualStudioVersion = 17.14.36127.28 d17.14
MinimumVisualStudioVersion = 10.0.40219.1
Project("{FAE04EC0-301F-11D3-BF4B-00C04F79EFBC}") = "WinFormsApp2", "WinFormsApp2\WinFormsApp2.csproj", "{4A5814D4-87C4-485C-99F7-B5DFD27802B3}"
EndProject
Global
	GlobalSection(SolutionConfigurationPlatforms) = preSolution
		Debug|Any CPU = Debug|Any CPU
		Release|Any CPU = Release|Any CPU
	EndGlobalSection
	GlobalSection(ProjectConfigurationPlatforms) = postSolution
		{4A5814D4-87C4-485C-99F7-B5DFD27802B3}.Debug|Any CPU.ActiveCfg = Debug|Any CPU
		{4A5814D4-87C4-485C-99F7-B5DFD27802B3}.Debug|Any CPU.Build.0 = Debug|Any CPU
		{4A5814D4-87C4-485C-99F7-B5DFD27802B3}.Release|Any CPU.ActiveCfg = Release|Any CPU
		{4A5814D4-87C4-485C-99F7-B5DFD27802B3}.Release|Any CPU.Build.0 = Release|Any CPU
	EndGlobalSection
	GlobalSection(SolutionProperties) = preSolution
		HideSolutionNode = FALSE
	EndGlobalSection
	GlobalSection(ExtensibilityGlobals) = postSolution
		SolutionGuid = {07C6734D-E348-4834-AD1D-A47B726432C2}
	EndGlobalSection
EndGlobal
